
Microsoft Visual Studio Solution File, Format Version 12.00
# Visual Studio 15
VisualStudioVersion = 15.0.26430.6
MinimumVisualStudioVersion = 10.0.40219.1
Project("{FAE04EC0-301F-11D3-BF4B-00C04F79EFBC}") = "Loader", "Loader\Loader.csproj", "{265DC0C6-CC03-4E71-9607-D34FA499BBE4}"
EndProject
Project("{FAE04EC0-301F-11D3-BF4B-00C04F79EFBC}") = "ConsoleClient", "ConsoleClient\ConsoleClient.csproj", "{68B83D65-0836-44E4-862A-8467D02A7B23}"
EndProject
Project("{FAE04EC0-301F-11D3-BF4B-00C04F79EFBC}") = "LoaderTest", "LoaderTest\LoaderTest.csproj", "{29F0EE1A-0CAB-4854-A5D6-CD077F5FA0D7}"
EndProject
Project("{FAE04EC0-301F-11D3-BF4B-00C04F79EFBC}") = "DbClient", "DbClient\DbClient.csproj", "{31D84DC0-08C6-4F3E-A00E-ADDA98564927}"
EndProject
Project("{FAE04EC0-301F-11D3-BF4B-00C04F79EFBC}") = "DataLightViewer", "DataLightViewer\DataLightViewer.csproj", "{1887459D-2112-4A6D-AF19-66B1BACE209F}"
EndProject
Project("{54435603-DBB4-11D2-8724-00A0C9A8B90C}") = "DataToolsLightSetup", "DataToolsLightSetup\DataToolsLightSetup.vdproj", "{01B9F9C0-923B-43FF-9D23-EA830AEDA259}"
EndProject
Global
	GlobalSection(SolutionConfigurationPlatforms) = preSolution
		Debug|Any CPU = Debug|Any CPU
		Release|Any CPU = Release|Any CPU
	EndGlobalSection
	GlobalSection(ProjectConfigurationPlatforms) = postSolution
		{265DC0C6-CC03-4E71-9607-D34FA499BBE4}.Debug|Any CPU.ActiveCfg = Debug|Any CPU
		{265DC0C6-CC03-4E71-9607-D34FA499BBE4}.Debug|Any CPU.Build.0 = Debug|Any CPU
		{265DC0C6-CC03-4E71-9607-D34FA499BBE4}.Release|Any CPU.ActiveCfg = Release|Any CPU
		{265DC0C6-CC03-4E71-9607-D34FA499BBE4}.Release|Any CPU.Build.0 = Release|Any CPU
		{68B83D65-0836-44E4-862A-8467D02A7B23}.Debug|Any CPU.ActiveCfg = Debug|Any CPU
		{68B83D65-0836-44E4-862A-8467D02A7B23}.Debug|Any CPU.Build.0 = Debug|Any CPU
		{68B83D65-0836-44E4-862A-8467D02A7B23}.Release|Any CPU.ActiveCfg = Release|Any CPU
		{68B83D65-0836-44E4-862A-8467D02A7B23}.Release|Any CPU.Build.0 = Release|Any CPU
		{29F0EE1A-0CAB-4854-A5D6-CD077F5FA0D7}.Debug|Any CPU.ActiveCfg = Debug|Any CPU
		{29F0EE1A-0CAB-4854-A5D6-CD077F5FA0D7}.Debug|Any CPU.Build.0 = Debug|Any CPU
		{29F0EE1A-0CAB-4854-A5D6-CD077F5FA0D7}.Release|Any CPU.ActiveCfg = Release|Any CPU
		{29F0EE1A-0CAB-4854-A5D6-CD077F5FA0D7}.Release|Any CPU.Build.0 = Release|Any CPU
		{31D84DC0-08C6-4F3E-A00E-ADDA98564927}.Debug|Any CPU.ActiveCfg = Debug|Any CPU
		{31D84DC0-08C6-4F3E-A00E-ADDA98564927}.Debug|Any CPU.Build.0 = Debug|Any CPU
		{31D84DC0-08C6-4F3E-A00E-ADDA98564927}.Release|Any CPU.ActiveCfg = Release|Any CPU
		{31D84DC0-08C6-4F3E-A00E-ADDA98564927}.Release|Any CPU.Build.0 = Release|Any CPU
		{1887459D-2112-4A6D-AF19-66B1BACE209F}.Debug|Any CPU.ActiveCfg = Debug|Any CPU
		{1887459D-2112-4A6D-AF19-66B1BACE209F}.Debug|Any CPU.Build.0 = Debug|Any CPU
		{1887459D-2112-4A6D-AF19-66B1BACE209F}.Release|Any CPU.ActiveCfg = Release|Any CPU
		{1887459D-2112-4A6D-AF19-66B1BACE209F}.Release|Any CPU.Build.0 = Release|Any CPU
		{01B9F9C0-923B-43FF-9D23-EA830AEDA259}.Debug|Any CPU.ActiveCfg = Debug
		{01B9F9C0-923B-43FF-9D23-EA830AEDA259}.Release|Any CPU.ActiveCfg = Release
	EndGlobalSection
	GlobalSection(SolutionProperties) = preSolution
		HideSolutionNode = FALSE
	EndGlobalSection
	GlobalSection(TeamFoundationVersionControl) = preSolution
		SccNumberOfProjects = 7
		SccEnterpriseProvider = {4CA58AB2-18FA-4F8D-95D4-32DDF27D184C}
		SccTeamFoundationServer = http://dev-tfs:8080/tfs/studentprojects
		SccLocalPath0 = .
		SccProjectUniqueName1 = ConsoleClient\\ConsoleClient.csproj
		SccProjectName1 = ConsoleClient
		SccLocalPath1 = ConsoleClient
		SccProjectUniqueName2 = Loader\\Loader.csproj
		SccProjectName2 = Loader
		SccLocalPath2 = Loader
		SccProjectUniqueName3 = LoaderTest\\LoaderTest.csproj
		SccProjectName3 = LoaderTest
		SccLocalPath3 = LoaderTest
		SccProjectUniqueName4 = DbClient\\DbClient.csproj
		SccProjectName4 = DbClient
		SccLocalPath4 = DbClient
		SccProjectUniqueName5 = DataLightViewer\\DataLightViewer.csproj
		SccProjectName5 = DataLightViewer
		SccLocalPath5 = DataLightViewer
		SccProjectUniqueName6 = DataToolsLightSetup\\DataToolsLightSetup.vdproj
		SccProjectName6 = DataToolsLightSetup
		SccLocalPath6 = DataToolsLightSetup
	EndGlobalSection
EndGlobal
